{
  "name": "SymfoRagoroProject",
  "lockfileVersion": 2,
  "requires": true,
  "packages": {
    "": {
      "dependencies": {
        "bootstrap3-dialog": "^1.35.4"
      }
    },
    "node_modules/bootstrap3-dialog": {
      "version": "1.35.4",
      "resolved": "https://registry.npmjs.org/bootstrap3-dialog/-/bootstrap3-dialog-1.35.4.tgz",
      "integrity": "sha512-wHrJmqASIEsZWhHhfq9q0QhhGI8AnSh4tAAjUGK0MfMZjZ6vFl0niDZs5IwFDChCKKjcgFiFnXxLLoJ6nvyI2A=="
    }
  },
  "dependencies": {
    "bootstrap3-dialog": {
      "version": "1.35.4",
      "resolved": "https://registry.npmjs.org/bootstrap3-dialog/-/bootstrap3-dialog-1.35.4.tgz",
      "integrity": "sha512-wHrJmqASIEsZWhHhfq9q0QhhGI8AnSh4tAAjUGK0MfMZjZ6vFl0niDZs5IwFDChCKKjcgFiFnXxLLoJ6nvyI2A=="
    }
  }
}
